Microsoft Visual Studio Solution File, Format Version 12.00
# Visual Studio Version 17
VisualStudioVersion = 17.13.35931.197
MinimumVisualStudioVersion = 10.0.40219.1
Project("{2150E333-8FDC-42A3-9474-1A3956D46DE8}") = "1. PRUEBA.PRESENTACION", "1. PRUEBA.PRESENTACION", "{02EA681E-C7D8-13C7-8484-4AC65E1B71E8}"
EndProject
Project("{2150E333-8FDC-42A3-9474-1A3956D46DE8}") = "2. PRUEBA.APLICATION", "2. PRUEBA.APLICATION", "{FBD8A215-86A7-4438-BC80-0D8BF2982435}"
EndProject
Project("{2150E333-8FDC-42A3-9474-1A3956D46DE8}") = "4. PRUEBA.INFRAESTRUCTURE", "4. PRUEBA.INFRAESTRUCTURE", "{FC9A2F92-6EEA-4202-8474-BE11F3FEBE46}"
EndProject
Project("{2150E333-8FDC-42A3-9474-1A3956D46DE8}") = "3.  PRUEBA.DOMINIO", "3.  PRUEBA.DOMINIO", "{1BC9EAD9-6DEB-4FFC-B989-6C30DC7B8030}"
EndProject
Project("{FAE04EC0-301F-11D3-BF4B-00C04F79EFBC}") = "PRUEBA.APLICATION", "..\PRUEBA.APLICATION\PRUEBA.APLICATION.csproj", "{46382AA4-7C75-4B34-8A9D-55751D77D0FC}"
EndProject
Project("{FAE04EC0-301F-11D3-BF4B-00C04F79EFBC}") = "PRUEBA.DOMINIO", "..\PRUEBA.DOMINIO\PRUEBA.DOMINIO.csproj", "{6530C91C-A24F-4BBE-9B3F-4A2447A84C61}"
EndProject
Project("{FAE04EC0-301F-11D3-BF4B-00C04F79EFBC}") = "PRUEBA.INFRAESTRUCTURE", "..\PRUEBA.INFRAESTRUCTURE\PRUEBA.INFRAESTRUCTURE.csproj", "{5C4789F3-7643-41FA-907D-A69491EB4605}"
EndProject
Project("{FAE04EC0-301F-11D3-BF4B-00C04F79EFBC}") = "API", "..\API\API.csproj", "{D3D270D7-9A3C-4D09-9408-01D98E2068AF}"
EndProject
Project("{FAE04EC0-301F-11D3-BF4B-00C04F79EFBC}") = "ClientWeb", "..\ClientWeb\ClientWeb.csproj", "{2AF9DB77-8DBB-4C38-A4B4-47A29E2DF47E}"
EndProject
Global
	GlobalSection(SolutionConfigurationPlatforms) = preSolution
		Debug|Any CPU = Debug|Any CPU
		Release|Any CPU = Release|Any CPU
	EndGlobalSection
	GlobalSection(ProjectConfigurationPlatforms) = postSolution
		{46382AA4-7C75-4B34-8A9D-55751D77D0FC}.Debug|Any CPU.ActiveCfg = Debug|Any CPU
		{46382AA4-7C75-4B34-8A9D-55751D77D0FC}.Debug|Any CPU.Build.0 = Debug|Any CPU
		{46382AA4-7C75-4B34-8A9D-55751D77D0FC}.Release|Any CPU.ActiveCfg = Release|Any CPU
		{46382AA4-7C75-4B34-8A9D-55751D77D0FC}.Release|Any CPU.Build.0 = Release|Any CPU
		{6530C91C-A24F-4BBE-9B3F-4A2447A84C61}.Debug|Any CPU.ActiveCfg = Debug|Any CPU
		{6530C91C-A24F-4BBE-9B3F-4A2447A84C61}.Debug|Any CPU.Build.0 = Debug|Any CPU
		{6530C91C-A24F-4BBE-9B3F-4A2447A84C61}.Release|Any CPU.ActiveCfg = Release|Any CPU
		{6530C91C-A24F-4BBE-9B3F-4A2447A84C61}.Release|Any CPU.Build.0 = Release|Any CPU
		{5C4789F3-7643-41FA-907D-A69491EB4605}.Debug|Any CPU.ActiveCfg = Debug|Any CPU
		{5C4789F3-7643-41FA-907D-A69491EB4605}.Debug|Any CPU.Build.0 = Debug|Any CPU
		{5C4789F3-7643-41FA-907D-A69491EB4605}.Release|Any CPU.ActiveCfg = Release|Any CPU
		{5C4789F3-7643-41FA-907D-A69491EB4605}.Release|Any CPU.Build.0 = Release|Any CPU
		{D3D270D7-9A3C-4D09-9408-01D98E2068AF}.Debug|Any CPU.ActiveCfg = Debug|Any CPU
		{D3D270D7-9A3C-4D09-9408-01D98E2068AF}.Debug|Any CPU.Build.0 = Debug|Any CPU
		{D3D270D7-9A3C-4D09-9408-01D98E2068AF}.Release|Any CPU.ActiveCfg = Release|Any CPU
		{D3D270D7-9A3C-4D09-9408-01D98E2068AF}.Release|Any CPU.Build.0 = Release|Any CPU
		{2AF9DB77-8DBB-4C38-A4B4-47A29E2DF47E}.Debug|Any CPU.ActiveCfg = Debug|Any CPU
		{2AF9DB77-8DBB-4C38-A4B4-47A29E2DF47E}.Debug|Any CPU.Build.0 = Debug|Any CPU
		{2AF9DB77-8DBB-4C38-A4B4-47A29E2DF47E}.Release|Any CPU.ActiveCfg = Release|Any CPU
		{2AF9DB77-8DBB-4C38-A4B4-47A29E2DF47E}.Release|Any CPU.Build.0 = Release|Any CPU
	EndGlobalSection
	GlobalSection(SolutionProperties) = preSolution
		HideSolutionNode = FALSE
	EndGlobalSection
	GlobalSection(NestedProjects) = preSolution
		{46382AA4-7C75-4B34-8A9D-55751D77D0FC} = {FBD8A215-86A7-4438-BC80-0D8BF2982435}
		{6530C91C-A24F-4BBE-9B3F-4A2447A84C61} = {1BC9EAD9-6DEB-4FFC-B989-6C30DC7B8030}
		{5C4789F3-7643-41FA-907D-A69491EB4605} = {FC9A2F92-6EEA-4202-8474-BE11F3FEBE46}
		{D3D270D7-9A3C-4D09-9408-01D98E2068AF} = {02EA681E-C7D8-13C7-8484-4AC65E1B71E8}
		{2AF9DB77-8DBB-4C38-A4B4-47A29E2DF47E} = {02EA681E-C7D8-13C7-8484-4AC65E1B71E8}
	EndGlobalSection
	GlobalSection(ExtensibilityGlobals) = postSolution
		SolutionGuid = {69C7747B-0E62-458F-900F-E5DCB989CA09}
	EndGlobalSection
EndGlobal
